// !$*UTF8*$!
{
	archiveVersion = 1;
	classes = {
	};
	objectVersion = 55;
	objects = {

/* Begin PBXBuildFile section */
		1A23A58D29779E9300DA11DF /* ProgramDescription.swift in Sources */ = {isa = PBXBuildFile; fileRef = 1A23A58C29779E9200DA11DF /* ProgramDescription.swift */; };
		1A23A58F29779F0000DA11DF /* ProgramTableViewCell.swift in Sources */ = {isa = PBXBuildFile; fileRef = 1A23A58E29779F0000DA11DF /* ProgramTableViewCell.swift */; };
		1A23A59129779F2900DA11DF /* ProgramDescriptionStorage.swift in Sources */ = {isa = PBXBuildFile; fileRef = 1A23A59029779F2900DA11DF /* ProgramDescriptionStorage.swift */; };
		1A23A5942977A7FA00DA11DF /* ExtensionsUIView.swift in Sources */ = {isa = PBXBuildFile; fileRef = 1A23A5932977A7FA00DA11DF /* ExtensionsUIView.swift */; };
		1A47DA2D29837E0A0024661D /* ProfileHeaderView.swift in Sources */ = {isa = PBXBuildFile; fileRef = 1A47DA2C29837E0A0024661D /* ProfileHeaderView.swift */; };
		1A47DA2F298381210024661D /* ProfileTableViewController.swift in Sources */ = {isa = PBXBuildFile; fileRef = 1A47DA2E298381210024661D /* ProfileTableViewController.swift */; };
		1A47DA31298381E40024661D /* ProfileTableViewCell.swift in Sources */ = {isa = PBXBuildFile; fileRef = 1A47DA30298381E40024661D /* ProfileTableViewCell.swift */; };
		1A76E30728A388E400BCEF91 /* AppDelegate.swift in Sources */ = {isa = PBXBuildFile; fileRef = 1A76E30628A388E400BCEF91 /* AppDelegate.swift */; };
		1A76E30928A388E400BCEF91 /* SceneDelegate.swift in Sources */ = {isa = PBXBuildFile; fileRef = 1A76E30828A388E400BCEF91 /* SceneDelegate.swift */; };
		1A76E30B28A388E400BCEF91 /* ProgramsViewController.swift in Sources */ = {isa = PBXBuildFile; fileRef = 1A76E30A28A388E400BCEF91 /* ProgramsViewController.swift */; };
		1A76E31028A388EB00BCEF91 /* Assets.xcassets in Resources */ = {isa = PBXBuildFile; fileRef = 1A76E30F28A388EB00BCEF91 /* Assets.xcassets */; };
		1A76E31328A388EB00BCEF91 /* LaunchScreen.storyboard in Resources */ = {isa = PBXBuildFile; fileRef = 1A76E31128A388EB00BCEF91 /* LaunchScreen.storyboard */; };
		1A76E32228A38C9200BCEF91 /* TabBarController.swift in Sources */ = {isa = PBXBuildFile; fileRef = 1A76E32128A38C9200BCEF91 /* TabBarController.swift */; };
		1A76E32528A38E1300BCEF91 /* SignInViewController.swift in Sources */ = {isa = PBXBuildFile; fileRef = 1A76E32428A38E1300BCEF91 /* SignInViewController.swift */; };
		1A76E32728A38E1F00BCEF91 /* RegisterViewController.swift in Sources */ = {isa = PBXBuildFile; fileRef = 1A76E32628A38E1E00BCEF91 /* RegisterViewController.swift */; };
		1A76E32928A38E3E00BCEF91 /* PostViewController.swift in Sources */ = {isa = PBXBuildFile; fileRef = 1A76E32828A38E3E00BCEF91 /* PostViewController.swift */; };
		1A76E32B28A38E4E00BCEF91 /* CreatePostViewController.swift in Sources */ = {isa = PBXBuildFile; fileRef = 1A76E32A28A38E4E00BCEF91 /* CreatePostViewController.swift */; };
		1A76E32D28A38E7000BCEF91 /* IAPManager.swift in Sources */ = {isa = PBXBuildFile; fileRef = 1A76E32C28A38E7000BCEF91 /* IAPManager.swift */; };
		1A76E32F28A38E8600BCEF91 /* DatabaseManager.swift in Sources */ = {isa = PBXBuildFile; fileRef = 1A76E32E28A38E8600BCEF91 /* DatabaseManager.swift */; };
		1A76E33128A38E9200BCEF91 /* AuthManager.swift in Sources */ = {isa = PBXBuildFile; fileRef = 1A76E33028A38E9200BCEF91 /* AuthManager.swift */; };
		1A76E33328A38E9F00BCEF91 /* StorageManager.swift in Sources */ = {isa = PBXBuildFile; fileRef = 1A76E33228A38E9F00BCEF91 /* StorageManager.swift */; };
		1A815AFE2979104300B77A52 /* SelectedWorkoutTableViewController.swift in Sources */ = {isa = PBXBuildFile; fileRef = 1A815AFD2979104300B77A52 /* SelectedWorkoutTableViewController.swift */; };
		1A815B112980DDD500B77A52 /* SelectedWorkoutHeaderView.swift in Sources */ = {isa = PBXBuildFile; fileRef = 1A815B102980DDD400B77A52 /* SelectedWorkoutHeaderView.swift */; };
		1A815B142980E41700B77A52 /* IQKeyboardManagerSwift in Frameworks */ = {isa = PBXBuildFile; productRef = 1A815B132980E41700B77A52 /* IQKeyboardManagerSwift */; };
		1A88F3E42982297800542CC9 /* SelectedProgramTableViewController.swift in Sources */ = {isa = PBXBuildFile; fileRef = 1A88F3E32982297800542CC9 /* SelectedProgramTableViewController.swift */; };
		1A88F3E629822ADD00542CC9 /* CreateNewWorkoutViewController.swift in Sources */ = {isa = PBXBuildFile; fileRef = 1A88F3E529822ADD00542CC9 /* CreateNewWorkoutViewController.swift */; };
		1A88F3E829823CA100542CC9 /* WorkoutDescriptionStorage.swift in Sources */ = {isa = PBXBuildFile; fileRef = 1A88F3E729823CA100542CC9 /* WorkoutDescriptionStorage.swift */; };
		1AAD9AC929825883002DE7D1 /* CommentTableViewCell.swift in Sources */ = {isa = PBXBuildFile; fileRef = 1AAD9AC829825883002DE7D1 /* CommentTableViewCell.swift */; };
/* End PBXBuildFile section */

/* Begin PBXFileReference section */
		1A23A58C29779E9200DA11DF /* ProgramDescription.swift */ = {isa = PBXFileReference; lastKnownFileType = sourcecode.swift; path = ProgramDescription.swift; sourceTree = "<group>"; };
		1A23A58E29779F0000DA11DF /* ProgramTableViewCell.swift */ = {isa = PBXFileReference; lastKnownFileType = sourcecode.swift; path = ProgramTableViewCell.swift; sourceTree = "<group>"; };
		1A23A59029779F2900DA11DF /* ProgramDescriptionStorage.swift */ = {isa = PBXFileReference; lastKnownFileType = sourcecode.swift; path = ProgramDescriptionStorage.swift; sourceTree = "<group>"; };
		1A23A5932977A7FA00DA11DF /* ExtensionsUIView.swift */ = {isa = PBXFileReference; lastKnownFileType = sourcecode.swift; path = ExtensionsUIView.swift; sourceTree = "<group>"; };
		1A47DA2C29837E0A0024661D /* ProfileHeaderView.swift */ = {isa = PBXFileReference; lastKnownFileType = sourcecode.swift; path = ProfileHeaderView.swift; sourceTree = "<group>"; };
		1A47DA2E298381210024661D /* ProfileTableViewController.swift */ = {isa = PBXFileReference; lastKnownFileType = sourcecode.swift; path = ProfileTableViewController.swift; sourceTree = "<group>"; };
		1A47DA30298381E40024661D /* ProfileTableViewCell.swift */ = {isa = PBXFileReference; lastKnownFileType = sourcecode.swift; path = ProfileTableViewCell.swift; sourceTree = "<group>"; };
		1A76E30328A388E400BCEF91 /* ECD_Training_Plan.app */ = {isa = PBXFileReference; explicitFileType = wrapper.application; includeInIndex = 0; path = ECD_Training_Plan.app; sourceTree = BUILT_PRODUCTS_DIR; };
		1A76E30628A388E400BCEF91 /* AppDelegate.swift */ = {isa = PBXFileReference; lastKnownFileType = sourcecode.swift; path = AppDelegate.swift; sourceTree = "<group>"; };
		1A76E30828A388E400BCEF91 /* SceneDelegate.swift */ = {isa = PBXFileReference; lastKnownFileType = sourcecode.swift; path = SceneDelegate.swift; sourceTree = "<group>"; };
		1A76E30A28A388E400BCEF91 /* ProgramsViewController.swift */ = {isa = PBXFileReference; lastKnownFileType = sourcecode.swift; path = ProgramsViewController.swift; sourceTree = "<group>"; };
		1A76E30F28A388EB00BCEF91 /* Assets.xcassets */ = {isa = PBXFileReference; lastKnownFileType = folder.assetcatalog; path = Assets.xcassets; sourceTree = "<group>"; };
		1A76E31228A388EB00BCEF91 /* Base */ = {isa = PBXFileReference; lastKnownFileType = file.storyboard; name = Base; path = Base.lproj/LaunchScreen.storyboard; sourceTree = "<group>"; };
		1A76E31428A388EB00BCEF91 /* Info.plist */ = {isa = PBXFileReference; lastKnownFileType = text.plist.xml; path = Info.plist; sourceTree = "<group>"; };
		1A76E32128A38C9200BCEF91 /* TabBarController.swift */ = {isa = PBXFileReference; lastKnownFileType = sourcecode.swift; path = TabBarController.swift; sourceTree = "<group>"; };
		1A76E32428A38E1300BCEF91 /* SignInViewController.swift */ = {isa = PBXFileReference; lastKnownFileType = sourcecode.swift; path = SignInViewController.swift; sourceTree = "<group>"; };
		1A76E32628A38E1E00BCEF91 /* RegisterViewController.swift */ = {isa = PBXFileReference; lastKnownFileType = sourcecode.swift; path = RegisterViewController.swift; sourceTree = "<group>"; };
		1A76E32828A38E3E00BCEF91 /* PostViewController.swift */ = {isa = PBXFileReference; lastKnownFileType = sourcecode.swift; path = PostViewController.swift; sourceTree = "<group>"; };
		1A76E32A28A38E4E00BCEF91 /* CreatePostViewController.swift */ = {isa = PBXFileReference; lastKnownFileType = sourcecode.swift; path = CreatePostViewController.swift; sourceTree = "<group>"; };
		1A76E32C28A38E7000BCEF91 /* IAPManager.swift */ = {isa = PBXFileReference; lastKnownFileType = sourcecode.swift; path = IAPManager.swift; sourceTree = "<group>"; };
		1A76E32E28A38E8600BCEF91 /* DatabaseManager.swift */ = {isa = PBXFileReference; lastKnownFileType = sourcecode.swift; path = DatabaseManager.swift; sourceTree = "<group>"; };
		1A76E33028A38E9200BCEF91 /* AuthManager.swift */ = {isa = PBXFileReference; lastKnownFileType = sourcecode.swift; path = AuthManager.swift; sourceTree = "<group>"; };
		1A76E33228A38E9F00BCEF91 /* StorageManager.swift */ = {isa = PBXFileReference; lastKnownFileType = sourcecode.swift; path = StorageManager.swift; sourceTree = "<group>"; };
		1A815AFD2979104300B77A52 /* SelectedWorkoutTableViewController.swift */ = {isa = PBXFileReference; lastKnownFileType = sourcecode.swift; path = SelectedWorkoutTableViewController.swift; sourceTree = "<group>"; };
		1A815B102980DDD400B77A52 /* SelectedWorkoutHeaderView.swift */ = {isa = PBXFileReference; lastKnownFileType = sourcecode.swift; path = SelectedWorkoutHeaderView.swift; sourceTree = "<group>"; };
		1A88F3E32982297800542CC9 /* SelectedProgramTableViewController.swift */ = {isa = PBXFileReference; lastKnownFileType = sourcecode.swift; path = SelectedProgramTableViewController.swift; sourceTree = "<group>"; };
		1A88F3E529822ADD00542CC9 /* CreateNewWorkoutViewController.swift */ = {isa = PBXFileReference; lastKnownFileType = sourcecode.swift; path = CreateNewWorkoutViewController.swift; sourceTree = "<group>"; };
		1A88F3E729823CA100542CC9 /* WorkoutDescriptionStorage.swift */ = {isa = PBXFileReference; lastKnownFileType = sourcecode.swift; path = WorkoutDescriptionStorage.swift; sourceTree = "<group>"; };
		1AAD9AC829825883002DE7D1 /* CommentTableViewCell.swift */ = {isa = PBXFileReference; lastKnownFileType = sourcecode.swift; path = CommentTableViewCell.swift; sourceTree = "<group>"; };
/* End PBXFileReference section */

/* Begin PBXFrameworksBuildPhase section */
		1A76E30028A388E400BCEF91 /* Frameworks */ = {
			isa = PBXFrameworksBuildPhase;
			buildActionMask = 2147483647;
			files = (
				1A815B142980E41700B77A52 /* IQKeyboardManagerSwift in Frameworks */,
			);
			runOnlyForDeploymentPostprocessing = 0;
		};
/* End PBXFrameworksBuildPhase section */

/* Begin PBXGroup section */
		1A23A58B29779E4B00DA11DF /* Models */ = {
			isa = PBXGroup;
			children = (
				1A23A58C29779E9200DA11DF /* ProgramDescription.swift */,
				1A23A58E29779F0000DA11DF /* ProgramTableViewCell.swift */,
				1AAD9AC829825883002DE7D1 /* CommentTableViewCell.swift */,
				1A23A59029779F2900DA11DF /* ProgramDescriptionStorage.swift */,
				1A88F3E729823CA100542CC9 /* WorkoutDescriptionStorage.swift */,
			);
			path = Models;
			sourceTree = "<group>";
		};
		1A23A5922977A7E800DA11DF /* Helpers */ = {
			isa = PBXGroup;
			children = (
				1A23A5932977A7FA00DA11DF /* ExtensionsUIView.swift */,
			);
			path = Helpers;
			sourceTree = "<group>";
		};
		1A76E2FA28A388E400BCEF91 = {
			isa = PBXGroup;
			children = (
				1A76E30528A388E400BCEF91 /* ECD_Training_Plan */,
				1A76E30428A388E400BCEF91 /* Products */,
			);
			sourceTree = "<group>";
		};
		1A76E30428A388E400BCEF91 /* Products */ = {
			isa = PBXGroup;
			children = (
				1A76E30328A388E400BCEF91 /* ECD_Training_Plan.app */,
			);
			name = Products;
			sourceTree = "<group>";
		};
		1A76E30528A388E400BCEF91 /* ECD_Training_Plan */ = {
			isa = PBXGroup;
			children = (
				1A23A5922977A7E800DA11DF /* Helpers */,
				1A76E32328A38D7800BCEF91 /* Managers */,
				1A76E31E28A38C1600BCEF91 /* Other */,
				1A76E31D28A38C1000BCEF91 /* Views */,
				1A76E31C28A38C0800BCEF91 /* Controllers */,
				1A76E31A28A38BF500BCEF91 /* Models */,
				1A76E31428A388EB00BCEF91 /* Info.plist */,
			);
			path = ECD_Training_Plan;
			sourceTree = "<group>";
		};
		1A76E31A28A38BF500BCEF91 /* Models */ = {
			isa = PBXGroup;
			children = (
			);
			path = Models;
			sourceTree = "<group>";
		};
		1A76E31C28A38C0800BCEF91 /* Controllers */ = {
			isa = PBXGroup;
			children = (
				1A76E33728A3910900BCEF91 /* Posts */,
				1A76E33528A390F400BCEF91 /* Auth */,
				1A76E33428A390E000BCEF91 /* Tabs */,
			);
			path = Controllers;
			sourceTree = "<group>";
		};
		1A76E31D28A38C1000BCEF91 /* Views */ = {
			isa = PBXGroup;
			children = (
				1A76E31128A388EB00BCEF91 /* LaunchScreen.storyboard */,
			);
			path = Views;
			sourceTree = "<group>";
		};
		1A76E31E28A38C1600BCEF91 /* Other */ = {
			isa = PBXGroup;
			children = (
				1A76E30F28A388EB00BCEF91 /* Assets.xcassets */,
				1A76E30628A388E400BCEF91 /* AppDelegate.swift */,
				1A76E30828A388E400BCEF91 /* SceneDelegate.swift */,
			);
			path = Other;
			sourceTree = "<group>";
		};
		1A76E32328A38D7800BCEF91 /* Managers */ = {
			isa = PBXGroup;
			children = (
				1A76E32C28A38E7000BCEF91 /* IAPManager.swift */,
				1A76E32E28A38E8600BCEF91 /* DatabaseManager.swift */,
				1A76E33028A38E9200BCEF91 /* AuthManager.swift */,
				1A76E33228A38E9F00BCEF91 /* StorageManager.swift */,
			);
			path = Managers;
			sourceTree = "<group>";
		};
		1A76E33428A390E000BCEF91 /* Tabs */ = {
			isa = PBXGroup;
			children = (
				1A76E32128A38C9200BCEF91 /* TabBarController.swift */,
				1AAD9AC729825840002DE7D1 /* ProfileVC */,
				1AAD9AC62982580C002DE7D1 /* Workouts flow */,
			);
			path = Tabs;
			sourceTree = "<group>";
		};
		1A76E33528A390F400BCEF91 /* Auth */ = {
			isa = PBXGroup;
			children = (
				1A76E32628A38E1E00BCEF91 /* RegisterViewController.swift */,
				1A76E32428A38E1300BCEF91 /* SignInViewController.swift */,
			);
			path = Auth;
			sourceTree = "<group>";
		};
		1A76E33728A3910900BCEF91 /* Posts */ = {
			isa = PBXGroup;
			children = (
				1A76E32A28A38E4E00BCEF91 /* CreatePostViewController.swift */,
				1A76E32828A38E3E00BCEF91 /* PostViewController.swift */,
			);
			path = Posts;
			sourceTree = "<group>";
		};
		1AAD9AC62982580C002DE7D1 /* Workouts flow */ = {
			isa = PBXGroup;
			children = (
				1A76E30A28A388E400BCEF91 /* ProgramsViewController.swift */,
				1A88F3E32982297800542CC9 /* SelectedProgramTableViewController.swift */,
				1A88F3E529822ADD00542CC9 /* CreateNewWorkoutViewController.swift */,
				1A815AFD2979104300B77A52 /* SelectedWorkoutTableViewController.swift */,
				1A815B102980DDD400B77A52 /* SelectedWorkoutHeaderView.swift */,
				1A23A58B29779E4B00DA11DF /* Models */,
			);
			path = "Workouts flow";
			sourceTree = "<group>";
		};
		1AAD9AC729825840002DE7D1 /* ProfileVC */ = {
			isa = PBXGroup;
			children = (
				1A47DA2C29837E0A0024661D /* ProfileHeaderView.swift */,
				1A47DA2E298381210024661D /* ProfileTableViewController.swift */,
				1A47DA30298381E40024661D /* ProfileTableViewCell.swift */,
			);
			path = ProfileVC;
			sourceTree = "<group>";
		};
/* End PBXGroup section */

/* Begin PBXNativeTarget section */
		1A76E30228A388E400BCEF91 /* ECD_Training_Plan */ = {
			isa = PBXNativeTarget;
			buildConfigurationList = 1A76E31728A388EB00BCEF91 /* Build configuration list for PBXNativeTarget "ECD_Training_Plan" */;
			buildPhases = (
				1A76E2FF28A388E400BCEF91 /* Sources */,
				1A76E30028A388E400BCEF91 /* Frameworks */,
				1A76E30128A388E400BCEF91 /* Resources */,
			);
			buildRules = (
			);
			dependencies = (
			);
			name = ECD_Training_Plan;
			packageProductDependencies = (
				1A815B132980E41700B77A52 /* IQKeyboardManagerSwift */,
			);
			productName = ECD_Training_Plan;
			productReference = 1A76E30328A388E400BCEF91 /* ECD_Training_Plan.app */;
			productType = "com.apple.product-type.application";
		};
/* End PBXNativeTarget section */

/* Begin PBXProject section */
		1A76E2FB28A388E400BCEF91 /* Project object */ = {
			isa = PBXProject;
			attributes = {
				BuildIndependentTargetsInParallel = 1;
				LastSwiftUpdateCheck = 1330;
				LastUpgradeCheck = 1330;
				TargetAttributes = {
					1A76E30228A388E400BCEF91 = {
						CreatedOnToolsVersion = 13.3;
					};
				};
			};
			buildConfigurationList = 1A76E2FE28A388E400BCEF91 /* Build configuration list for PBXProject "ECD_Training_Plan" */;
			compatibilityVersion = "Xcode 13.0";
			developmentRegion = en;
			hasScannedForEncodings = 0;
			knownRegions = (
				en,
				Base,
			);
			mainGroup = 1A76E2FA28A388E400BCEF91;
			packageReferences = (
				1A815B122980E41700B77A52 /* XCRemoteSwiftPackageReference "IQKeyboardManager" */,
			);
			productRefGroup = 1A76E30428A388E400BCEF91 /* Products */;
			projectDirPath = "";
			projectRoot = "";
			targets = (
				1A76E30228A388E400BCEF91 /* ECD_Training_Plan */,
			);
		};
/* End PBXProject section */

/* Begin PBXResourcesBuildPhase section */
		1A76E30128A388E400BCEF91 /* Resources */ = {
			isa = PBXResourcesBuildPhase;
			buildActionMask = 2147483647;
			files = (
				1A76E31328A388EB00BCEF91 /* LaunchScreen.storyboard in Resources */,
				1A76E31028A388EB00BCEF91 /* Assets.xcassets in Resources */,
			);
			runOnlyForDeploymentPostprocessing = 0;
		};
/* End PBXResourcesBuildPhase section */

/* Begin PBXSourcesBuildPhase section */
		1A76E2FF28A388E400BCEF91 /* Sources */ = {
			isa = PBXSourcesBuildPhase;
			buildActionMask = 2147483647;
			files = (
				1A76E32928A38E3E00BCEF91 /* PostViewController.swift in Sources */,
				1A47DA2F298381210024661D /* ProfileTableViewController.swift in Sources */,
				1A76E33128A38E9200BCEF91 /* AuthManager.swift in Sources */,
				1A76E32F28A38E8600BCEF91 /* DatabaseManager.swift in Sources */,
				1A23A58D29779E9300DA11DF /* ProgramDescription.swift in Sources */,
				1A76E30B28A388E400BCEF91 /* ProgramsViewController.swift in Sources */,
				1A815B112980DDD500B77A52 /* SelectedWorkoutHeaderView.swift in Sources */,
				1A76E30728A388E400BCEF91 /* AppDelegate.swift in Sources */,
				1A76E32728A38E1F00BCEF91 /* RegisterViewController.swift in Sources */,
				1A47DA31298381E40024661D /* ProfileTableViewCell.swift in Sources */,
				1A76E32528A38E1300BCEF91 /* SignInViewController.swift in Sources */,
				1A815AFE2979104300B77A52 /* SelectedWorkoutTableViewController.swift in Sources */,
				1A88F3E42982297800542CC9 /* SelectedProgramTableViewController.swift in Sources */,
				1A23A5942977A7FA00DA11DF /* ExtensionsUIView.swift in Sources */,
				1A47DA2D29837E0A0024661D /* ProfileHeaderView.swift in Sources */,
				1A23A58F29779F0000DA11DF /* ProgramTableViewCell.swift in Sources */,
				1A88F3E829823CA100542CC9 /* WorkoutDescriptionStorage.swift in Sources */,
				1A76E32D28A38E7000BCEF91 /* IAPManager.swift in Sources */,
				1A23A59129779F2900DA11DF /* ProgramDescriptionStorage.swift in Sources */,
				1A76E32228A38C9200BCEF91 /* TabBarController.swift in Sources */,
				1AAD9AC929825883002DE7D1 /* CommentTableViewCell.swift in Sources */,
				1A76E32B28A38E4E00BCEF91 /* CreatePostViewController.swift in Sources */,
				1A88F3E629822ADD00542CC9 /* CreateNewWorkoutViewController.swift in Sources */,
				1A76E30928A388E400BCEF91 /* SceneDelegate.swift in Sources */,
				1A76E33328A38E9F00BCEF91 /* StorageManager.swift in Sources */,
			);
			runOnlyForDeploymentPostprocessing = 0;
		};
/* End PBXSourcesBuildPhase section */

/* Begin PBXVariantGroup section */
		1A76E31128A388EB00BCEF91 /* LaunchScreen.storyboard */ = {
			isa = PBXVariantGroup;
			children = (
				1A76E31228A388EB00BCEF91 /* Base */,
			);
			name = LaunchScreen.storyboard;
			sourceTree = "<group>";
		};
/* End PBXVariantGroup section */

/* Begin XCBuildConfiguration section */
		1A76E31528A388EB00BCEF91 /* Debug */ = {
			isa = XCBuildConfiguration;
			buildSettings = {
				ALWAYS_SEARCH_USER_PATHS = NO;
				CLANG_ANALYZER_NONNULL = YES;
				CLANG_ANALYZER_NUMBER_OBJECT_CONVERSION = YES_AGGRESSIVE;
				CLANG_CXX_LANGUAGE_STANDARD = "gnu++17";
				CLANG_ENABLE_MODULES = YES;
				CLANG_ENABLE_OBJC_ARC = YES;
				CLANG_ENABLE_OBJC_WEAK = YES;
				CLANG_WARN_BLOCK_CAPTURE_AUTORELEASING = YES;
				CLANG_WARN_BOOL_CONVERSION = YES;
				CLANG_WARN_COMMA = YES;
				CLANG_WARN_CONSTANT_CONVERSION = YES;
				CLANG_WARN_DEPRECATED_OBJC_IMPLEMENTATIONS = YES;
				CLANG_WARN_DIRECT_OBJC_ISA_USAGE = YES_ERROR;
				CLANG_WARN_DOCUMENTATION_COMMENTS = YES;
				CLANG_WARN_EMPTY_BODY = YES;
				CLANG_WARN_ENUM_CONVERSION = YES;
				CLANG_WARN_INFINITE_RECURSION = YES;
				CLANG_WARN_INT_CONVERSION = YES;
				CLANG_WARN_NON_LITERAL_NULL_CONVERSION = YES;
				CLANG_WARN_OBJC_IMPLICIT_RETAIN_SELF = YES;
				CLANG_WARN_OBJC_LITERAL_CONVERSION = YES;
				CLANG_WARN_OBJC_ROOT_CLASS = YES_ERROR;
				CLANG_WARN_QUOTED_INCLUDE_IN_FRAMEWORK_HEADER = YES;
				CLANG_WARN_RANGE_LOOP_ANALYSIS = YES;
				CLANG_WARN_STRICT_PROTOTYPES = YES;
				CLANG_WARN_SUSPICIOUS_MOVE = YES;
				CLANG_WARN_UNGUARDED_AVAILABILITY = YES_AGGRESSIVE;
				CLANG_WARN_UNREACHABLE_CODE = YES;
				CLANG_WARN__DUPLICATE_METHOD_MATCH = YES;
				COPY_PHASE_STRIP = NO;
				DEBUG_INFORMATION_FORMAT = dwarf;
				ENABLE_STRICT_OBJC_MSGSEND = YES;
				ENABLE_TESTABILITY = YES;
				GCC_C_LANGUAGE_STANDARD = gnu11;
				GCC_DYNAMIC_NO_PIC = NO;
				GCC_NO_COMMON_BLOCKS = YES;
				GCC_OPTIMIZATION_LEVEL = 0;
				GCC_PREPROCESSOR_DEFINITIONS = (
					"DEBUG=1",
					"$(inherited)",
				);
				GCC_WARN_64_TO_32_BIT_CONVERSION = YES;
				GCC_WARN_ABOUT_RETURN_TYPE = YES_ERROR;
				GCC_WARN_UNDECLARED_SELECTOR = YES;
				GCC_WARN_UNINITIALIZED_AUTOS = YES_AGGRESSIVE;
				GCC_WARN_UNUSED_FUNCTION = YES;
				GCC_WARN_UNUSED_VARIABLE = YES;
				IPHONEOS_DEPLOYMENT_TARGET = 15.4;
				MTL_ENABLE_DEBUG_INFO = INCLUDE_SOURCE;
				MTL_FAST_MATH = YES;
				ONLY_ACTIVE_ARCH = YES;
				SDKROOT = iphoneos;
				SWIFT_ACTIVE_COMPILATION_CONDITIONS = DEBUG;
				SWIFT_OPTIMIZATION_LEVEL = "-Onone";
			};
			name = Debug;
		};
		1A76E31628A388EB00BCEF91 /* Release */ = {
			isa = XCBuildConfiguration;
			buildSettings = {
				ALWAYS_SEARCH_USER_PATHS = NO;
				CLANG_ANALYZER_NONNULL = YES;
				CLANG_ANALYZER_NUMBER_OBJECT_CONVERSION = YES_AGGRESSIVE;
				CLANG_CXX_LANGUAGE_STANDARD = "gnu++17";
				CLANG_ENABLE_MODULES = YES;
				CLANG_ENABLE_OBJC_ARC = YES;
				CLANG_ENABLE_OBJC_WEAK = YES;
				CLANG_WARN_BLOCK_CAPTURE_AUTORELEASING = YES;
				CLANG_WARN_BOOL_CONVERSION = YES;
				CLANG_WARN_COMMA = YES;
				CLANG_WARN_CONSTANT_CONVERSION = YES;
				CLANG_WARN_DEPRECATED_OBJC_IMPLEMENTATIONS = YES;
				CLANG_WARN_DIRECT_OBJC_ISA_USAGE = YES_ERROR;
				CLANG_WARN_DOCUMENTATION_COMMENTS = YES;
				CLANG_WARN_EMPTY_BODY = YES;
				CLANG_WARN_ENUM_CONVERSION = YES;
				CLANG_WARN_INFINITE_RECURSION = YES;
				CLANG_WARN_INT_CONVERSION = YES;
				CLANG_WARN_NON_LITERAL_NULL_CONVERSION = YES;
				CLANG_WARN_OBJC_IMPLICIT_RETAIN_SELF = YES;
				CLANG_WARN_OBJC_LITERAL_CONVERSION = YES;
				CLANG_WARN_OBJC_ROOT_CLASS = YES_ERROR;
				CLANG_WARN_QUOTED_INCLUDE_IN_FRAMEWORK_HEADER = YES;
				CLANG_WARN_RANGE_LOOP_ANALYSIS = YES;
				CLANG_WARN_STRICT_PROTOTYPES = YES;
				CLANG_WARN_SUSPICIOUS_MOVE = YES;
				CLANG_WARN_UNGUARDED_AVAILABILITY = YES_AGGRESSIVE;
				CLANG_WARN_UNREACHABLE_CODE = YES;
				CLANG_WARN__DUPLICATE_METHOD_MATCH = YES;
				COPY_PHASE_STRIP = NO;
				DEBUG_INFORMATION_FORMAT = "dwarf-with-dsym";
				ENABLE_NS_ASSERTIONS = NO;
				ENABLE_STRICT_OBJC_MSGSEND = YES;
				GCC_C_LANGUAGE_STANDARD = gnu11;
				GCC_NO_COMMON_BLOCKS = YES;
				GCC_WARN_64_TO_32_BIT_CONVERSION = YES;
				GCC_WARN_ABOUT_RETURN_TYPE = YES_ERROR;
				GCC_WARN_UNDECLARED_SELECTOR = YES;
				GCC_WARN_UNINITIALIZED_AUTOS = YES_AGGRESSIVE;
				GCC_WARN_UNUSED_FUNCTION = YES;
				GCC_WARN_UNUSED_VARIABLE = YES;
				IPHONEOS_DEPLOYMENT_TARGET = 15.4;
				MTL_ENABLE_DEBUG_INFO = NO;
				MTL_FAST_MATH = YES;
				SDKROOT = iphoneos;
				SWIFT_COMPILATION_MODE = wholemodule;
				SWIFT_OPTIMIZATION_LEVEL = "-O";
				VALIDATE_PRODUCT = YES;
			};
			name = Release;
		};
		1A76E31828A388EB00BCEF91 /* Debug */ = {
			isa = XCBuildConfiguration;
			buildSettings = {
				ASSETCATALOG_COMPILER_APPICON_NAME = AppIcon;
				ASSETCATALOG_COMPILER_GLOBAL_ACCENT_COLOR_NAME = AccentColor;
				CODE_SIGN_STYLE = Automatic;
				CURRENT_PROJECT_VERSION = 1;
				DEVELOPMENT_TEAM = 56475B8NZH;
				GENERATE_INFOPLIST_FILE = YES;
				INFOPLIST_FILE = ECD_Training_Plan/Info.plist;
				INFOPLIST_KEY_UIApplicationSupportsIndirectInputEvents = YES;
				INFOPLIST_KEY_UILaunchStoryboardName = LaunchScreen;
				INFOPLIST_KEY_UISupportedInterfaceOrientations = UIInterfaceOrientationPortrait;
				INFOPLIST_KEY_UISupportedInterfaceOrientations_iPad = "UIInterfaceOrientationPortrait UIInterfaceOrientationPortraitUpsideDown UIInterfaceOrientationLandscapeLeft UIInterfaceOrientationLandscapeRight";
				INFOPLIST_KEY_UISupportedInterfaceOrientations_iPhone = "UIInterfaceOrientationPortrait UIInterfaceOrientationLandscapeLeft UIInterfaceOrientationLandscapeRight";
				IPHONEOS_DEPLOYMENT_TARGET = 15.0;
				LD_RUNPATH_SEARCH_PATHS = (
					"$(inherited)",
					"@executable_path/Frameworks",
				);
				MARKETING_VERSION = 1.0;
				PRODUCT_BUNDLE_IDENTIFIER = "marymezh.ECD-Training-Plan";
				PRODUCT_NAME = "$(TARGET_NAME)";
				SWIFT_EMIT_LOC_STRINGS = YES;
				SWIFT_VERSION = 5.0;
				TARGETED_DEVICE_FAMILY = 1;
			};
			name = Debug;
		};
		1A76E31928A388EB00BCEF91 /* Release */ = {
			isa = XCBuildConfiguration;
			buildSettings = {
				ASSETCATALOG_COMPILER_APPICON_NAME = AppIcon;
				ASSETCATALOG_COMPILER_GLOBAL_ACCENT_COLOR_NAME = AccentColor;
				CODE_SIGN_STYLE = Automatic;
				CURRENT_PROJECT_VERSION = 1;
				DEVELOPMENT_TEAM = 56475B8NZH;
				GENERATE_INFOPLIST_FILE = YES;
				INFOPLIST_FILE = ECD_Training_Plan/Info.plist;
				INFOPLIST_KEY_UIApplicationSupportsIndirectInputEvents = YES;
				INFOPLIST_KEY_UILaunchStoryboardName = LaunchScreen;
				INFOPLIST_KEY_UISupportedInterfaceOrientations = UIInterfaceOrientationPortrait;
				INFOPLIST_KEY_UISupportedInterfaceOrientations_iPad = "UIInterfaceOrientationPortrait UIInterfaceOrientationPortraitUpsideDown UIInterfaceOrientationLandscapeLeft UIInterfaceOrientationLandscapeRight";
				INFOPLIST_KEY_UISupportedInterfaceOrientations_iPhone = "UIInterfaceOrientationPortrait UIInterfaceOrientationLandscapeLeft UIInterfaceOrientationLandscapeRight";
				IPHONEOS_DEPLOYMENT_TARGET = 15.0;
				LD_RUNPATH_SEARCH_PATHS = (
					"$(inherited)",
					"@executable_path/Frameworks",
				);
				MARKETING_VERSION = 1.0;
				PRODUCT_BUNDLE_IDENTIFIER = "marymezh.ECD-Training-Plan";
				PRODUCT_NAME = "$(TARGET_NAME)";
				SWIFT_EMIT_LOC_STRINGS = YES;
				SWIFT_VERSION = 5.0;
				TARGETED_DEVICE_FAMILY = 1;
			};
			name = Release;
		};
/* End XCBuildConfiguration section */

/* Begin XCConfigurationList section */
		1A76E2FE28A388E400BCEF91 /* Build configuration list for PBXProject "ECD_Training_Plan" */ = {
			isa = XCConfigurationList;
			buildConfigurations = (
				1A76E31528A388EB00BCEF91 /* Debug */,
				1A76E31628A388EB00BCEF91 /* Release */,
			);
			defaultConfigurationIsVisible = 0;
			defaultConfigurationName = Release;
		};
		1A76E31728A388EB00BCEF91 /* Build configuration list for PBXNativeTarget "ECD_Training_Plan" */ = {
			isa = XCConfigurationList;
			buildConfigurations = (
				1A76E31828A388EB00BCEF91 /* Debug */,
				1A76E31928A388EB00BCEF91 /* Release */,
			);
			defaultConfigurationIsVisible = 0;
			defaultConfigurationName = Release;
		};
/* End XCConfigurationList section */

/* Begin XCRemoteSwiftPackageReference section */
		1A815B122980E41700B77A52 /* XCRemoteSwiftPackageReference "IQKeyboardManager" */ = {
			isa = XCRemoteSwiftPackageReference;
			repositoryURL = "https://github.com/hackiftekhar/IQKeyboardManager.git";
			requirement = {
				branch = master;
				kind = branch;
			};
		};
/* End XCRemoteSwiftPackageReference section */

/* Begin XCSwiftPackageProductDependency section */
		1A815B132980E41700B77A52 /* IQKeyboardManagerSwift */ = {
			isa = XCSwiftPackageProductDependency;
			package = 1A815B122980E41700B77A52 /* XCRemoteSwiftPackageReference "IQKeyboardManager" */;
			productName = IQKeyboardManagerSwift;
		};
/* End XCSwiftPackageProductDependency section */
	};
	rootObject = 1A76E2FB28A388E400BCEF91 /* Project object */;
}
